PODS:
  - AFNetworking (2.6.1):
    - AFNetworking/NSURLConnection (= 2.6.1)
    - AFNetworking/NSURLSession (= 2.6.1)
    - AFNetworking/Reachability (= 2.6.1)
    - AFNetworking/Security (= 2.6.1)
    - AFNetworking/Serialization (= 2.6.1)
    - AFNetworking/UIKit (= 2.6.1)
  - AFNetworking/NSURLConnection (2.6.1):
    - AFNetworking/Reachability
    - AFNetworking/Security
    - AFNetworking/Serialization
  - AFNetworking/NSURLSession (2.6.1):
    - AFNetworking/Reachability
    - AFNetworking/Security
    - AFNetworking/Serialization
  - AFNetworking/Reachability (2.6.1)
  - AFNetworking/Security (2.6.1)
  - AFNetworking/Serialization (2.6.1)
  - AFNetworking/UIKit (2.6.1):
    - AFNetworking/NSURLConnection
    - AFNetworking/NSURLSession
  - Bolts (1.3.0):
    - Bolts/AppLinks (= 1.3.0)
    - Bolts/Tasks (= 1.3.0)
  - Bolts/AppLinks (1.3.0):
    - Bolts/Tasks
  - Bolts/Tasks (1.3.0)
  - DateTools (1.7.0)
  - FBSDKCoreKit (4.7.0):
    - Bolts (~> 1.1)
    - FBSDKCoreKit/arc (= 4.7.0)
    - FBSDKCoreKit/no-arc (= 4.7.0)
  - FBSDKCoreKit/arc (4.7.0):
    - Bolts (~> 1.1)
  - FBSDKCoreKit/no-arc (4.7.0):
    - Bolts (~> 1.1)
    - FBSDKCoreKit/arc
  - FBSDKLoginKit (4.7.0):
    - FBSDKCoreKit
  - FontAwesomeKit (2.1.9):
    - FontAwesomeKit/Core (= 2.1.9)
    - FontAwesomeKit/FontAwesome (= 2.1.9)
    - FontAwesomeKit/FoundationIcons (= 2.1.9)
    - FontAwesomeKit/IonIcons (= 2.1.9)
    - FontAwesomeKit/Material (= 2.1.9)
    - FontAwesomeKit/Octicons (= 2.1.9)
    - FontAwesomeKit/Zocial (= 2.1.9)
  - FontAwesomeKit/Core (2.1.9)
  - FontAwesomeKit/FontAwesome (2.1.9):
    - FontAwesomeKit/Core
  - FontAwesomeKit/FoundationIcons (2.1.9):
    - FontAwesomeKit/Core
  - FontAwesomeKit/IonIcons (2.1.9):
    - FontAwesomeKit/Core
  - FontAwesomeKit/Material (2.1.9):
    - FontAwesomeKit/Core
  - FontAwesomeKit/Octicons (2.1.9):
    - FontAwesomeKit/Core
  - FontAwesomeKit/Zocial (2.1.9):
    - FontAwesomeKit/Core
  - Haneke (1.0.1)
  - ISO8601 (0.3.0)
  - MagicalRecord (2.3.0)
  - Masonry (0.6.3)
  - MMPopupView (1.3):
    - Masonry
  - NSStringEmojize (0.2.0)
  - SFFocusViewLayout (1.1.1)
  - UITextView+Placeholder (1.1.0)
  - XCDYouTubeKit (2.3.2)

DEPENDENCIES:
  - AFNetworking (~> 2.0)
  - DateTools
  - FBSDKCoreKit (~> 4.7)
  - FBSDKLoginKit (~> 4.7)
  - FontAwesomeKit (from `https://github.com/PrideChung/FontAwesomeKit.git`, commit
    `1bdb8de41294ec30f2d56858c5c2742c14933ad7`)
  - Haneke (~> 1.0)
  - ISO8601
  - MagicalRecord
  - MMPopupView
  - NSStringEmojize
  - SFFocusViewLayout
  - UITextView+Placeholder
  - XCDYouTubeKit

EXTERNAL SOURCES:
  FontAwesomeKit:
    :commit: 1bdb8de41294ec30f2d56858c5c2742c14933ad7
    :git: https://github.com/PrideChung/FontAwesomeKit.git

CHECKOUT OPTIONS:
  FontAwesomeKit:
    :commit: 1bdb8de41294ec30f2d56858c5c2742c14933ad7
    :git: https://github.com/PrideChung/FontAwesomeKit.git

SPEC CHECKSUMS:
  AFNetworking: 8e4e60500beb8bec644cf575beee72990a76d399
  Bolts: 805a4a87413e49d4a0c2b7d469084cbc46b09342
  DateTools: 53288ee8b905fdc75897a1e6b5cc0144b14cba60
  FBSDKCoreKit: eb580bfc2040ad44f4c0b4f4d0befb1d35bce59c
  FBSDKLoginKit: 01bce8dd3f3a26a023b0ba4ffdde7ef5062889fe
  FontAwesomeKit: 1a21b835bd74f0591bfc1dac8c5540188eab3f38
  Haneke: d60be8b96b228633b24708dd153169d6849d6f78
  ISO8601: 8d8a22d5edf0554a1cf75bac028c76c1dc0ffaef
  MagicalRecord: 89eb7d7ead39fb37f01c3d010665ee94d17f8dba
  Masonry: ff105a956abcd19a618b2028b121cb638d7a8e2f
  MMPopupView: 25633125d678637c28afd5d9e7fc7dd2db2903da
  NSStringEmojize: bd60199a25d745365b393fb95a2c6471bb9a2e99
  SFFocusViewLayout: 01b91154fb64cf745ca75d97bdf8f069dd62d33c
  UITextView+Placeholder: 672ce543356b5b5787f354415bc3b132d47f0362
  XCDYouTubeKit: 6aff378bcbbf06d058f2c2d2df655c376970ee03

COCOAPODS: 0.39.0
