// !$*UTF8*$!
{
	archiveVersion = 1;
	classes = {
	};
	objectVersion = 46;
	objects = {

/* Begin PBXBuildFile section */
		47940B7E8F7189086CF25927 /* libPods.a in Frameworks */ = {isa = PBXBuildFile; fileRef = 44F5354FD6707387425ED089 /* libPods.a */; };
		A73E2D89A0532F3CB964A5DA /* libPods.a in Frameworks */ = {isa = PBXBuildFile; fileRef = 44F5354FD6707387425ED089 /* libPods.a */; };
		CA1D29E21BD1690C00A6D2D5 /* CMNetworkRequestTests.m in Sources */ = {isa = PBXBuildFile; fileRef = CA1D29E11BD1690C00A6D2D5 /* CMNetworkRequestTests.m */; settings = {ASSET_TAGS = (); }; };
		CA2432D61BD2F9FC0023E234 /* CMRemoteImageView.m in Sources */ = {isa = PBXBuildFile; fileRef = CA2432D51BD2F9FC0023E234 /* CMRemoteImageView.m */; settings = {ASSET_TAGS = (); }; };
		CA6AF10F1BD861DB0025FC6C /* User+CoreDataProperties.m in Sources */ = {isa = PBXBuildFile; fileRef = CA6AF1001BD861DB0025FC6C /* User+CoreDataProperties.m */; settings = {ASSET_TAGS = (); }; };
		CA6AF1101BD861DB0025FC6C /* User.m in Sources */ = {isa = PBXBuildFile; fileRef = CA6AF1021BD861DB0025FC6C /* User.m */; settings = {ASSET_TAGS = (); }; };
		CA6AF1111BD861DB0025FC6C /* Chats+CoreDataProperties.m in Sources */ = {isa = PBXBuildFile; fileRef = CA6AF1041BD861DB0025FC6C /* Chats+CoreDataProperties.m */; settings = {ASSET_TAGS = (); }; };
		CA6AF1121BD861DB0025FC6C /* Chats.m in Sources */ = {isa = PBXBuildFile; fileRef = CA6AF1061BD861DB0025FC6C /* Chats.m */; settings = {ASSET_TAGS = (); }; };
		CA6AF1131BD861DB0025FC6C /* Contact+CoreDataProperties.m in Sources */ = {isa = PBXBuildFile; fileRef = CA6AF1081BD861DB0025FC6C /* Contact+CoreDataProperties.m */; settings = {ASSET_TAGS = (); }; };
		CA6AF1141BD861DB0025FC6C /* Contact.m in Sources */ = {isa = PBXBuildFile; fileRef = CA6AF10A1BD861DB0025FC6C /* Contact.m */; settings = {ASSET_TAGS = (); }; };
		CA6AF1151BD861DB0025FC6C /* Message+CoreDataProperties.m in Sources */ = {isa = PBXBuildFile; fileRef = CA6AF10C1BD861DB0025FC6C /* Message+CoreDataProperties.m */; settings = {ASSET_TAGS = (); }; };
		CA6AF1161BD861DB0025FC6C /* Message.m in Sources */ = {isa = PBXBuildFile; fileRef = CA6AF10E1BD861DB0025FC6C /* Message.m */; settings = {ASSET_TAGS = (); }; };
		CAA8F2311BD5BE9E009844AC /* HDNotificationView.m in Sources */ = {isa = PBXBuildFile; fileRef = CAA8F2301BD5BE9E009844AC /* HDNotificationView.m */; settings = {ASSET_TAGS = (); }; };
		CAA8F2381BD6BF0C009844AC /* IconTabBarController.m in Sources */ = {isa = PBXBuildFile; fileRef = CAA8F2371BD6BF0C009844AC /* IconTabBarController.m */; settings = {ASSET_TAGS = (); }; };
		CAA8F24F1BD72BEA009844AC /* ContactsTableViewController.m in Sources */ = {isa = PBXBuildFile; fileRef = CAA8F24E1BD72BEA009844AC /* ContactsTableViewController.m */; settings = {ASSET_TAGS = (); }; };
		CAC352271BD1C1DC00AEF3D3 /* ChatsTableViewController.m in Sources */ = {isa = PBXBuildFile; fileRef = CAC352261BD1C1DC00AEF3D3 /* ChatsTableViewController.m */; settings = {ASSET_TAGS = (); }; };
		CAC3522A1BD1EAA000AEF3D3 /* ChatViewController.m in Sources */ = {isa = PBXBuildFile; fileRef = CAC352291BD1EAA000AEF3D3 /* ChatViewController.m */; settings = {ASSET_TAGS = (); }; };
		CACC2FFC1BD165B8006D37F9 /* CMNetworkRequest.m in Sources */ = {isa = PBXBuildFile; fileRef = CACC2FFB1BD165B8006D37F9 /* CMNetworkRequest.m */; settings = {ASSET_TAGS = (); }; };
		CACEED801BD55D220086CBCF /* models.xcdatamodeld in Sources */ = {isa = PBXBuildFile; fileRef = CACEED7E1BD55D220086CBCF /* models.xcdatamodeld */; settings = {ASSET_TAGS = (); }; };
		CAFCBF751BD0279C00C9E28B /* main.m in Sources */ = {isa = PBXBuildFile; fileRef = CAFCBF741BD0279C00C9E28B /* main.m */; };
		CAFCBF781BD0279C00C9E28B /* AppDelegate.m in Sources */ = {isa = PBXBuildFile; fileRef = CAFCBF771BD0279C00C9E28B /* AppDelegate.m */; };
		CAFCBF7B1BD0279C00C9E28B /* WelcomeViewController.m in Sources */ = {isa = PBXBuildFile; fileRef = CAFCBF7A1BD0279C00C9E28B /* WelcomeViewController.m */; };
		CAFCBF7E1BD0279C00C9E28B /* Main.storyboard in Resources */ = {isa = PBXBuildFile; fileRef = CAFCBF7C1BD0279C00C9E28B /* Main.storyboard */; };
		CAFCBF801BD0279C00C9E28B /* Assets.xcassets in Resources */ = {isa = PBXBuildFile; fileRef = CAFCBF7F1BD0279C00C9E28B /* Assets.xcassets */; };
		CAFCBF831BD0279C00C9E28B /* LaunchScreen.storyboard in Resources */ = {isa = PBXBuildFile; fileRef = CAFCBF811BD0279C00C9E28B /* LaunchScreen.storyboard */; };
		CAFCBF8E1BD0279C00C9E28B /* MarshmallowTests.m in Sources */ = {isa = PBXBuildFile; fileRef = CAFCBF8D1BD0279C00C9E28B /* MarshmallowTests.m */; };
		CAFCBF991BD0279C00C9E28B /* MarshmallowUITests.m in Sources */ = {isa = PBXBuildFile; fileRef = CAFCBF981BD0279C00C9E28B /* MarshmallowUITests.m */; };
		DEE1FD9EDA99C2F00A7C3BEE /* libPods.a in Frameworks */ = {isa = PBXBuildFile; fileRef = 44F5354FD6707387425ED089 /* libPods.a */; };
/* End PBXBuildFile section */

/* Begin PBXContainerItemProxy section */
		CAFCBF8A1BD0279C00C9E28B /* PBXContainerItemProxy */ = {
			isa = PBXContainerItemProxy;
			containerPortal = CAFCBF681BD0279C00C9E28B /* Project object */;
			proxyType = 1;
			remoteGlobalIDString = CAFCBF6F1BD0279C00C9E28B;
			remoteInfo = Marshmallow;
		};
		CAFCBF951BD0279C00C9E28B /* PBXContainerItemProxy */ = {
			isa = PBXContainerItemProxy;
			containerPortal = CAFCBF681BD0279C00C9E28B /* Project object */;
			proxyType = 1;
			remoteGlobalIDString = CAFCBF6F1BD0279C00C9E28B;
			remoteInfo = Marshmallow;
		};
/* End PBXContainerItemProxy section */

/* Begin PBXFileReference section */
		0F55AAEA840E95876E77E0F5 /* Pods.release.xcconfig */ = {isa = PBXFileReference; includeInIndex = 1; lastKnownFileType = text.xcconfig; name = Pods.release.xcconfig; path = "Pods/Target Support Files/Pods/Pods.release.xcconfig"; sourceTree = "<group>"; };
		44F5354FD6707387425ED089 /* libPods.a */ = {isa = PBXFileReference; explicitFileType = archive.ar; includeInIndex = 0; path = libPods.a; sourceTree = BUILT_PRODUCTS_DIR; };
		90F487F126BFF4BF85174A4D /* Pods.debug.xcconfig */ = {isa = PBXFileReference; includeInIndex = 1; lastKnownFileType = text.xcconfig; name = Pods.debug.xcconfig; path = "Pods/Target Support Files/Pods/Pods.debug.xcconfig"; sourceTree = "<group>"; };
		CA1D29E11BD1690C00A6D2D5 /* CMNetworkRequestTests.m */ = {isa = PBXFileReference; fileEncoding = 4; lastKnownFileType = sourcecode.c.objc; path = CMNetworkRequestTests.m; sourceTree = "<group>"; };
		CA2432D41BD2F9FC0023E234 /* CMRemoteImageView.h */ = {isa = PBXFileReference; fileEncoding = 4; lastKnownFileType = sourcecode.c.h; path = CMRemoteImageView.h; sourceTree = "<group>"; };
		CA2432D51BD2F9FC0023E234 /* CMRemoteImageView.m */ = {isa = PBXFileReference; fileEncoding = 4; lastKnownFileType = sourcecode.c.objc; path = CMRemoteImageView.m; sourceTree = "<group>"; };
		CA6AF0FF1BD861DB0025FC6C /* User+CoreDataProperties.h */ = {isa = PBXFileReference; fileEncoding = 4; lastKnownFileType = sourcecode.c.h; path = "User+CoreDataProperties.h"; sourceTree = "<group>"; };
		CA6AF1001BD861DB0025FC6C /* User+CoreDataProperties.m */ = {isa = PBXFileReference; fileEncoding = 4; lastKnownFileType = sourcecode.c.objc; path = "User+CoreDataProperties.m"; sourceTree = "<group>"; };
		CA6AF1011BD861DB0025FC6C /* User.h */ = {isa = PBXFileReference; fileEncoding = 4; lastKnownFileType = sourcecode.c.h; path = User.h; sourceTree = "<group>"; };
		CA6AF1021BD861DB0025FC6C /* User.m */ = {isa = PBXFileReference; fileEncoding = 4; lastKnownFileType = sourcecode.c.objc; path = User.m; sourceTree = "<group>"; };
		CA6AF1031BD861DB0025FC6C /* Chats+CoreDataProperties.h */ = {isa = PBXFileReference; fileEncoding = 4; lastKnownFileType = sourcecode.c.h; path = "Chats+CoreDataProperties.h"; sourceTree = "<group>"; };
		CA6AF1041BD861DB0025FC6C /* Chats+CoreDataProperties.m */ = {isa = PBXFileReference; fileEncoding = 4; lastKnownFileType = sourcecode.c.objc; path = "Chats+CoreDataProperties.m"; sourceTree = "<group>"; };
		CA6AF1051BD861DB0025FC6C /* Chats.h */ = {isa = PBXFileReference; fileEncoding = 4; lastKnownFileType = sourcecode.c.h; path = Chats.h; sourceTree = "<group>"; };
		CA6AF1061BD861DB0025FC6C /* Chats.m */ = {isa = PBXFileReference; fileEncoding = 4; lastKnownFileType = sourcecode.c.objc; path = Chats.m; sourceTree = "<group>"; };
		CA6AF1071BD861DB0025FC6C /* Contact+CoreDataProperties.h */ = {isa = PBXFileReference; fileEncoding = 4; lastKnownFileType = sourcecode.c.h; path = "Contact+CoreDataProperties.h"; sourceTree = "<group>"; };
		CA6AF1081BD861DB0025FC6C /* Contact+CoreDataProperties.m */ = {isa = PBXFileReference; fileEncoding = 4; lastKnownFileType = sourcecode.c.objc; path = "Contact+CoreDataProperties.m"; sourceTree = "<group>"; };
		CA6AF1091BD861DB0025FC6C /* Contact.h */ = {isa = PBXFileReference; fileEncoding = 4; lastKnownFileType = sourcecode.c.h; path = Contact.h; sourceTree = "<group>"; };
		CA6AF10A1BD861DB0025FC6C /* Contact.m */ = {isa = PBXFileReference; fileEncoding = 4; lastKnownFileType = sourcecode.c.objc; path = Contact.m; sourceTree = "<group>"; };
		CA6AF10B1BD861DB0025FC6C /* Message+CoreDataProperties.h */ = {isa = PBXFileReference; fileEncoding = 4; lastKnownFileType = sourcecode.c.h; path = "Message+CoreDataProperties.h"; sourceTree = "<group>"; };
		CA6AF10C1BD861DB0025FC6C /* Message+CoreDataProperties.m */ = {isa = PBXFileReference; fileEncoding = 4; lastKnownFileType = sourcecode.c.objc; path = "Message+CoreDataProperties.m"; sourceTree = "<group>"; };
		CA6AF10D1BD861DB0025FC6C /* Message.h */ = {isa = PBXFileReference; fileEncoding = 4; lastKnownFileType = sourcecode.c.h; path = Message.h; sourceTree = "<group>"; };
		CA6AF10E1BD861DB0025FC6C /* Message.m */ = {isa = PBXFileReference; fileEncoding = 4; lastKnownFileType = sourcecode.c.objc; path = Message.m; sourceTree = "<group>"; };
		CAA8F2301BD5BE9E009844AC /* HDNotificationView.m */ = {isa = PBXFileReference; fileEncoding = 4; lastKnownFileType = sourcecode.c.objc; path = HDNotificationView.m; sourceTree = "<group>"; };
		CAA8F2321BD5BECC009844AC /* HDNotificationView.h */ = {isa = PBXFileReference; lastKnownFileType = sourcecode.c.h; path = HDNotificationView.h; sourceTree = "<group>"; };
		CAA8F2361BD6BF0C009844AC /* IconTabBarController.h */ = {isa = PBXFileReference; fileEncoding = 4; lastKnownFileType = sourcecode.c.h; path = IconTabBarController.h; sourceTree = "<group>"; };
		CAA8F2371BD6BF0C009844AC /* IconTabBarController.m */ = {isa = PBXFileReference; fileEncoding = 4; lastKnownFileType = sourcecode.c.objc; path = IconTabBarController.m; sourceTree = "<group>"; };
		CAA8F24D1BD72BEA009844AC /* ContactsTableViewController.h */ = {isa = PBXFileReference; fileEncoding = 4; lastKnownFileType = sourcecode.c.h; path = ContactsTableViewController.h; sourceTree = "<group>"; };
		CAA8F24E1BD72BEA009844AC /* ContactsTableViewController.m */ = {isa = PBXFileReference; fileEncoding = 4; lastKnownFileType = sourcecode.c.objc; path = ContactsTableViewController.m; sourceTree = "<group>"; };
		CAC352251BD1C1DC00AEF3D3 /* ChatsTableViewController.h */ = {isa = PBXFileReference; fileEncoding = 4; lastKnownFileType = sourcecode.c.h; path = ChatsTableViewController.h; sourceTree = "<group>"; };
		CAC352261BD1C1DC00AEF3D3 /* ChatsTableViewController.m */ = {isa = PBXFileReference; fileEncoding = 4; lastKnownFileType = sourcecode.c.objc; path = ChatsTableViewController.m; sourceTree = "<group>"; };
		CAC352281BD1EAA000AEF3D3 /* ChatViewController.h */ = {isa = PBXFileReference; fileEncoding = 4; lastKnownFileType = sourcecode.c.h; path = ChatViewController.h; sourceTree = "<group>"; };
		CAC352291BD1EAA000AEF3D3 /* ChatViewController.m */ = {isa = PBXFileReference; fileEncoding = 4; lastKnownFileType = sourcecode.c.objc; path = ChatViewController.m; sourceTree = "<group>"; };
		CACC2FFA1BD165B8006D37F9 /* CMNetworkRequest.h */ = {isa = PBXFileReference; fileEncoding = 4; lastKnownFileType = sourcecode.c.h; path = CMNetworkRequest.h; sourceTree = "<group>"; };
		CACC2FFB1BD165B8006D37F9 /* CMNetworkRequest.m */ = {isa = PBXFileReference; fileEncoding = 4; lastKnownFileType = sourcecode.c.objc; path = CMNetworkRequest.m; sourceTree = "<group>"; };
		CACEED7F1BD55D220086CBCF /* models.xcdatamodel */ = {isa = PBXFileReference; lastKnownFileType = wrapper.xcdatamodel; path = models.xcdatamodel; sourceTree = "<group>"; };
		CAFCBF701BD0279C00C9E28B /* Marshmallow.app */ = {isa = PBXFileReference; explicitFileType = wrapper.application; includeInIndex = 0; path = Marshmallow.app; sourceTree = BUILT_PRODUCTS_DIR; };
		CAFCBF741BD0279C00C9E28B /* main.m */ = {isa = PBXFileReference; lastKnownFileType = sourcecode.c.objc; path = main.m; sourceTree = "<group>"; };
		CAFCBF761BD0279C00C9E28B /* AppDelegate.h */ = {isa = PBXFileReference; lastKnownFileType = sourcecode.c.h; path = AppDelegate.h; sourceTree = "<group>"; };
		CAFCBF771BD0279C00C9E28B /* AppDelegate.m */ = {isa = PBXFileReference; lastKnownFileType = sourcecode.c.objc; path = AppDelegate.m; sourceTree = "<group>"; };
		CAFCBF791BD0279C00C9E28B /* WelcomeViewController.h */ = {isa = PBXFileReference; lastKnownFileType = sourcecode.c.h; path = WelcomeViewController.h; sourceTree = "<group>"; };
		CAFCBF7A1BD0279C00C9E28B /* WelcomeViewController.m */ = {isa = PBXFileReference; lastKnownFileType = sourcecode.c.objc; path = WelcomeViewController.m; sourceTree = "<group>"; };
		CAFCBF7D1BD0279C00C9E28B /* Base */ = {isa = PBXFileReference; lastKnownFileType = file.storyboard; name = Base; path = Base.lproj/Main.storyboard; sourceTree = "<group>"; };
		CAFCBF7F1BD0279C00C9E28B /* Assets.xcassets */ = {isa = PBXFileReference; lastKnownFileType = folder.assetcatalog; path = Assets.xcassets; sourceTree = "<group>"; };
		CAFCBF821BD0279C00C9E28B /* Base */ = {isa = PBXFileReference; lastKnownFileType = file.storyboard; name = Base; path = Base.lproj/LaunchScreen.storyboard; sourceTree = "<group>"; };
		CAFCBF841BD0279C00C9E28B /* Info.plist */ = {isa = PBXFileReference; lastKnownFileType = text.plist.xml; path = Info.plist; sourceTree = "<group>"; };
		CAFCBF891BD0279C00C9E28B /* MarshmallowTests.xctest */ = {isa = PBXFileReference; explicitFileType = wrapper.cfbundle; includeInIndex = 0; path = MarshmallowTests.xctest; sourceTree = BUILT_PRODUCTS_DIR; };
		CAFCBF8D1BD0279C00C9E28B /* MarshmallowTests.m */ = {isa = PBXFileReference; lastKnownFileType = sourcecode.c.objc; path = MarshmallowTests.m; sourceTree = "<group>"; };
		CAFCBF8F1BD0279C00C9E28B /* Info.plist */ = {isa = PBXFileReference; lastKnownFileType = text.plist.xml; path = Info.plist; sourceTree = "<group>"; };
		CAFCBF941BD0279C00C9E28B /* MarshmallowUITests.xctest */ = {isa = PBXFileReference; explicitFileType = wrapper.cfbundle; includeInIndex = 0; path = MarshmallowUITests.xctest; sourceTree = BUILT_PRODUCTS_DIR; };
		CAFCBF981BD0279C00C9E28B /* MarshmallowUITests.m */ = {isa = PBXFileReference; lastKnownFileType = sourcecode.c.objc; path = MarshmallowUITests.m; sourceTree = "<group>"; };
		CAFCBF9A1BD0279C00C9E28B /* Info.plist */ = {isa = PBXFileReference; lastKnownFileType = text.plist.xml; path = Info.plist; sourceTree = "<group>"; };
/* End PBXFileReference section */

/* Begin PBXFrameworksBuildPhase section */
		CAFCBF6D1BD0279C00C9E28B /* Frameworks */ = {
			isa = PBXFrameworksBuildPhase;
			buildActionMask = 2147483647;
			files = (
				47940B7E8F7189086CF25927 /* libPods.a in Frameworks */,
			);
			runOnlyForDeploymentPostprocessing = 0;
		};
		CAFCBF861BD0279C00C9E28B /* Frameworks */ = {
			isa = PBXFrameworksBuildPhase;
			buildActionMask = 2147483647;
			files = (
				A73E2D89A0532F3CB964A5DA /* libPods.a in Frameworks */,
			);
			runOnlyForDeploymentPostprocessing = 0;
		};
		CAFCBF911BD0279C00C9E28B /* Frameworks */ = {
			isa = PBXFrameworksBuildPhase;
			buildActionMask = 2147483647;
			files = (
				DEE1FD9EDA99C2F00A7C3BEE /* libPods.a in Frameworks */,
			);
			runOnlyForDeploymentPostprocessing = 0;
		};
/* End PBXFrameworksBuildPhase section */

/* Begin PBXGroup section */
		C1C6D9C2DE271B4A32812EA7 /* Frameworks */ = {
			isa = PBXGroup;
			children = (
				44F5354FD6707387425ED089 /* libPods.a */,
			);
			name = Frameworks;
			sourceTree = "<group>";
		};
		CA2432D31BD2F9DE0023E234 /* Views */ = {
			isa = PBXGroup;
			children = (
				CA2432D41BD2F9FC0023E234 /* CMRemoteImageView.h */,
				CA2432D51BD2F9FC0023E234 /* CMRemoteImageView.m */,
			);
			name = Views;
			sourceTree = "<group>";
		};
		CAA8F22F1BD5BE7B009844AC /* ThirdParty */ = {
			isa = PBXGroup;
			children = (
				CAA8F2301BD5BE9E009844AC /* HDNotificationView.m */,
				CAA8F2321BD5BECC009844AC /* HDNotificationView.h */,
			);
			name = ThirdParty;
			sourceTree = "<group>";
		};
		CACC2FF91BD1658D006D37F9 /* Networking */ = {
			isa = PBXGroup;
			children = (
				CACC2FFA1BD165B8006D37F9 /* CMNetworkRequest.h */,
				CACC2FFB1BD165B8006D37F9 /* CMNetworkRequest.m */,
			);
			name = Networking;
			sourceTree = "<group>";
		};
		CACEED7D1BD55D080086CBCF /* Models */ = {
			isa = PBXGroup;
			children = (
				CA6AF0FF1BD861DB0025FC6C /* User+CoreDataProperties.h */,
				CA6AF1001BD861DB0025FC6C /* User+CoreDataProperties.m */,
				CA6AF1011BD861DB0025FC6C /* User.h */,
				CA6AF1021BD861DB0025FC6C /* User.m */,
				CA6AF1031BD861DB0025FC6C /* Chats+CoreDataProperties.h */,
				CA6AF1041BD861DB0025FC6C /* Chats+CoreDataProperties.m */,
				CA6AF1051BD861DB0025FC6C /* Chats.h */,
				CA6AF1061BD861DB0025FC6C /* Chats.m */,
				CA6AF1071BD861DB0025FC6C /* Contact+CoreDataProperties.h */,
				CA6AF1081BD861DB0025FC6C /* Contact+CoreDataProperties.m */,
				CA6AF1091BD861DB0025FC6C /* Contact.h */,
				CA6AF10A1BD861DB0025FC6C /* Contact.m */,
				CA6AF10B1BD861DB0025FC6C /* Message+CoreDataProperties.h */,
				CA6AF10C1BD861DB0025FC6C /* Message+CoreDataProperties.m */,
				CA6AF10D1BD861DB0025FC6C /* Message.h */,
				CA6AF10E1BD861DB0025FC6C /* Message.m */,
			);
			name = Models;
			sourceTree = "<group>";
		};
		CAFCBF671BD0279C00C9E28B = {
			isa = PBXGroup;
			children = (
				CAFCBF721BD0279C00C9E28B /* Marshmallow */,
				CAFCBF8C1BD0279C00C9E28B /* MarshmallowTests */,
				CAFCBF971BD0279C00C9E28B /* MarshmallowUITests */,
				CAFCBF711BD0279C00C9E28B /* Products */,
				F2A582975D9F7C1D89B9CA89 /* Pods */,
				C1C6D9C2DE271B4A32812EA7 /* Frameworks */,
			);
			sourceTree = "<group>";
		};
		CAFCBF711BD0279C00C9E28B /* Products */ = {
			isa = PBXGroup;
			children = (
				CAFCBF701BD0279C00C9E28B /* Marshmallow.app */,
				CAFCBF891BD0279C00C9E28B /* MarshmallowTests.xctest */,
				CAFCBF941BD0279C00C9E28B /* MarshmallowUITests.xctest */,
			);
			name = Products;
			sourceTree = "<group>";
		};
		CAFCBF721BD0279C00C9E28B /* Marshmallow */ = {
			isa = PBXGroup;
			children = (
				CAA8F22F1BD5BE7B009844AC /* ThirdParty */,
				CA2432D31BD2F9DE0023E234 /* Views */,
				CACEED7E1BD55D220086CBCF /* models.xcdatamodeld */,
				CACEED7D1BD55D080086CBCF /* Models */,
				CACC2FF91BD1658D006D37F9 /* Networking */,
				CAFCBF761BD0279C00C9E28B /* AppDelegate.h */,
				CAFCBF771BD0279C00C9E28B /* AppDelegate.m */,
				CAFCBF791BD0279C00C9E28B /* WelcomeViewController.h */,
				CAFCBF7A1BD0279C00C9E28B /* WelcomeViewController.m */,
				CAFCBF7C1BD0279C00C9E28B /* Main.storyboard */,
				CAFCBF7F1BD0279C00C9E28B /* Assets.xcassets */,
				CAFCBF811BD0279C00C9E28B /* LaunchScreen.storyboard */,
				CAFCBF841BD0279C00C9E28B /* Info.plist */,
				CAFCBF731BD0279C00C9E28B /* Supporting Files */,
				CAC352251BD1C1DC00AEF3D3 /* ChatsTableViewController.h */,
				CAC352261BD1C1DC00AEF3D3 /* ChatsTableViewController.m */,
				CAC352281BD1EAA000AEF3D3 /* ChatViewController.h */,
				CAC352291BD1EAA000AEF3D3 /* ChatViewController.m */,
				CAA8F2361BD6BF0C009844AC /* IconTabBarController.h */,
				CAA8F2371BD6BF0C009844AC /* IconTabBarController.m */,
				CAA8F24D1BD72BEA009844AC /* ContactsTableViewController.h */,
				CAA8F24E1BD72BEA009844AC /* ContactsTableViewController.m */,
			);
			path = Marshmallow;
			sourceTree = "<group>";
		};
		CAFCBF731BD0279C00C9E28B /* Supporting Files */ = {
			isa = PBXGroup;
			children = (
				CAFCBF741BD0279C00C9E28B /* main.m */,
			);
			name = "Supporting Files";
			sourceTree = "<group>";
		};
		CAFCBF8C1BD0279C00C9E28B /* MarshmallowTests */ = {
			isa = PBXGroup;
			children = (
				CAFCBF8D1BD0279C00C9E28B /* MarshmallowTests.m */,
				CAFCBF8F1BD0279C00C9E28B /* Info.plist */,
				CA1D29E11BD1690C00A6D2D5 /* CMNetworkRequestTests.m */,
			);
			path = MarshmallowTests;
			sourceTree = "<group>";
		};
		CAFCBF971BD0279C00C9E28B /* MarshmallowUITests */ = {
			isa = PBXGroup;
			children = (
				CAFCBF981BD0279C00C9E28B /* MarshmallowUITests.m */,
				CAFCBF9A1BD0279C00C9E28B /* Info.plist */,
			);
			path = MarshmallowUITests;
			sourceTree = "<group>";
		};
		F2A582975D9F7C1D89B9CA89 /* Pods */ = {
			isa = PBXGroup;
			children = (
				90F487F126BFF4BF85174A4D /* Pods.debug.xcconfig */,
				0F55AAEA840E95876E77E0F5 /* Pods.release.xcconfig */,
			);
			name = Pods;
			sourceTree = "<group>";
		};
/* End PBXGroup section */

/* Begin PBXNativeTarget section */
		CAFCBF6F1BD0279C00C9E28B /* Marshmallow */ = {
			isa = PBXNativeTarget;
			buildConfigurationList = CAFCBF9D1BD0279C00C9E28B /* Build configuration list for PBXNativeTarget "Marshmallow" */;
			buildPhases = (
				AB06EB6E62E5A16E8B87A2FD /* Check Pods Manifest.lock */,
				CAFCBF6C1BD0279C00C9E28B /* Sources */,
				CAFCBF6D1BD0279C00C9E28B /* Frameworks */,
				CAFCBF6E1BD0279C00C9E28B /* Resources */,
				89C52AC4637D93835434DA57 /* Embed Pods Frameworks */,
				9C85BDE20598D4E9E1262193 /* Copy Pods Resources */,
			);
			buildRules = (
			);
			dependencies = (
			);
			name = Marshmallow;
			productName = Marshmallow;
			productReference = CAFCBF701BD0279C00C9E28B /* Marshmallow.app */;
			productType = "com.apple.product-type.application";
		};
		CAFCBF881BD0279C00C9E28B /* MarshmallowTests */ = {
			isa = PBXNativeTarget;
			buildConfigurationList = CAFCBFA01BD0279C00C9E28B /* Build configuration list for PBXNativeTarget "MarshmallowTests" */;
			buildPhases = (
				A6913C489B4F4EE59E1807F3 /* Check Pods Manifest.lock */,
				CAFCBF851BD0279C00C9E28B /* Sources */,
				CAFCBF861BD0279C00C9E28B /* Frameworks */,
				CAFCBF871BD0279C00C9E28B /* Resources */,
				B2858D2DE811EC54FFEE7D2D /* Embed Pods Frameworks */,
				A894F82EE6646C58AC417120 /* Copy Pods Resources */,
			);
			buildRules = (
			);
			dependencies = (
				CAFCBF8B1BD0279C00C9E28B /* PBXTargetDependency */,
			);
			name = MarshmallowTests;
			productName = MarshmallowTests;
			productReference = CAFCBF891BD0279C00C9E28B /* MarshmallowTests.xctest */;
			productType = "com.apple.product-type.bundle.unit-test";
		};
		CAFCBF931BD0279C00C9E28B /* MarshmallowUITests */ = {
			isa = PBXNativeTarget;
			buildConfigurationList = CAFCBFA31BD0279C00C9E28B /* Build configuration list for PBXNativeTarget "MarshmallowUITests" */;
			buildPhases = (
				EFA61D766532790FDBC08A99 /* Check Pods Manifest.lock */,
				CAFCBF901BD0279C00C9E28B /* Sources */,
				CAFCBF911BD0279C00C9E28B /* Frameworks */,
				CAFCBF921BD0279C00C9E28B /* Resources */,
				55026AFE2A024AFBD6205F47 /* Copy Pods Resources */,
			);
			buildRules = (
			);
			dependencies = (
				CAFCBF961BD0279C00C9E28B /* PBXTargetDependency */,
			);
			name = MarshmallowUITests;
			productName = MarshmallowUITests;
			productReference = CAFCBF941BD0279C00C9E28B /* MarshmallowUITests.xctest */;
			productType = "com.apple.product-type.bundle.ui-testing";
		};
/* End PBXNativeTarget section */

/* Begin PBXProject section */
		CAFCBF681BD0279C00C9E28B /* Project object */ = {
			isa = PBXProject;
			attributes = {
				LastUpgradeCheck = 0700;
				ORGANIZATIONNAME = "Cantilevered Marshmallow";
				TargetAttributes = {
					CAFCBF6F1BD0279C00C9E28B = {
						CreatedOnToolsVersion = 7.0.1;
					};
					CAFCBF881BD0279C00C9E28B = {
						CreatedOnToolsVersion = 7.0.1;
						TestTargetID = CAFCBF6F1BD0279C00C9E28B;
					};
					CAFCBF931BD0279C00C9E28B = {
						CreatedOnToolsVersion = 7.0.1;
						TestTargetID = CAFCBF6F1BD0279C00C9E28B;
					};
				};
			};
			buildConfigurationList = CAFCBF6B1BD0279C00C9E28B /* Build configuration list for PBXProject "Marshmallow" */;
			compatibilityVersion = "Xcode 3.2";
			developmentRegion = English;
			hasScannedForEncodings = 0;
			knownRegions = (
				en,
				Base,
			);
			mainGroup = CAFCBF671BD0279C00C9E28B;
			productRefGroup = CAFCBF711BD0279C00C9E28B /* Products */;
			projectDirPath = "";
			projectRoot = "";
			targets = (
				CAFCBF6F1BD0279C00C9E28B /* Marshmallow */,
				CAFCBF881BD0279C00C9E28B /* MarshmallowTests */,
				CAFCBF931BD0279C00C9E28B /* MarshmallowUITests */,
			);
		};
/* End PBXProject section */

/* Begin PBXResourcesBuildPhase section */
		CAFCBF6E1BD0279C00C9E28B /* Resources */ = {
			isa = PBXResourcesBuildPhase;
			buildActionMask = 2147483647;
			files = (
				CAFCBF831BD0279C00C9E28B /* LaunchScreen.storyboard in Resources */,
				CAFCBF801BD0279C00C9E28B /* Assets.xcassets in Resources */,
				CAFCBF7E1BD0279C00C9E28B /* Main.storyboard in Resources */,
			);
			runOnlyForDeploymentPostprocessing = 0;
		};
		CAFCBF871BD0279C00C9E28B /* Resources */ = {
			isa = PBXResourcesBuildPhase;
			buildActionMask = 2147483647;
			files = (
			);
			runOnlyForDeploymentPostprocessing = 0;
		};
		CAFCBF921BD0279C00C9E28B /* Resources */ = {
			isa = PBXResourcesBuildPhase;
			buildActionMask = 2147483647;
			files = (
			);
			runOnlyForDeploymentPostprocessing = 0;
		};
/* End PBXResourcesBuildPhase section */

/* Begin PBXShellScriptBuildPhase section */
		55026AFE2A024AFBD6205F47 /* Copy Pods Resources */ = {
			isa = PBXShellScriptBuildPhase;
			buildActionMask = 2147483647;
			files = (
			);
			inputPaths = (
			);
			name = "Copy Pods Resources";
			outputPaths = (
			);
			runOnlyForDeploymentPostprocessing = 0;
			shellPath = /bin/sh;
			shellScript = "\"${SRCROOT}/Pods/Target Support Files/Pods/Pods-resources.sh\"\n";
			showEnvVarsInLog = 0;
		};
		89C52AC4637D93835434DA57 /* Embed Pods Frameworks */ = {
			isa = PBXShellScriptBuildPhase;
			buildActionMask = 2147483647;
			files = (
			);
			inputPaths = (
			);
			name = "Embed Pods Frameworks";
			outputPaths = (
			);
			runOnlyForDeploymentPostprocessing = 0;
			shellPath = /bin/sh;
			shellScript = "\"${SRCROOT}/Pods/Target Support Files/Pods/Pods-frameworks.sh\"\n";
			showEnvVarsInLog = 0;
		};
		9C85BDE20598D4E9E1262193 /* Copy Pods Resources */ = {
			isa = PBXShellScriptBuildPhase;
			buildActionMask = 2147483647;
			files = (
			);
			inputPaths = (
			);
			name = "Copy Pods Resources";
			outputPaths = (
			);
			runOnlyForDeploymentPostprocessing = 0;
			shellPath = /bin/sh;
			shellScript = "\"${SRCROOT}/Pods/Target Support Files/Pods/Pods-resources.sh\"\n";
			showEnvVarsInLog = 0;
		};
		A6913C489B4F4EE59E1807F3 /* Check Pods Manifest.lock */ = {
			isa = PBXShellScriptBuildPhase;
			buildActionMask = 2147483647;
			files = (
			);
			inputPaths = (
			);
			name = "Check Pods Manifest.lock";
			outputPaths = (
			);
			runOnlyForDeploymentPostprocessing = 0;
			shellPath = /bin/sh;
			shellScript = "diff \"${PODS_ROOT}/../Podfile.lock\" \"${PODS_ROOT}/Manifest.lock\" > /dev/null\nif [[ $? != 0 ]] ; then\n    cat << EOM\nerror: The sandbox is not in sync with the Podfile.lock. Run 'pod install' or update your CocoaPods installation.\nEOM\n    exit 1\nfi\n";
			showEnvVarsInLog = 0;
		};
		A894F82EE6646C58AC417120 /* Copy Pods Resources */ = {
			isa = PBXShellScriptBuildPhase;
			buildActionMask = 2147483647;
			files = (
			);
			inputPaths = (
			);
			name = "Copy Pods Resources";
			outputPaths = (
			);
			runOnlyForDeploymentPostprocessing = 0;
			shellPath = /bin/sh;
			shellScript = "\"${SRCROOT}/Pods/Target Support Files/Pods/Pods-resources.sh\"\n";
			showEnvVarsInLog = 0;
		};
		AB06EB6E62E5A16E8B87A2FD /* Check Pods Manifest.lock */ = {
			isa = PBXShellScriptBuildPhase;
			buildActionMask = 2147483647;
			files = (
			);
			inputPaths = (
			);
			name = "Check Pods Manifest.lock";
			outputPaths = (
			);
			runOnlyForDeploymentPostprocessing = 0;
			shellPath = /bin/sh;
			shellScript = "diff \"${PODS_ROOT}/../Podfile.lock\" \"${PODS_ROOT}/Manifest.lock\" > /dev/null\nif [[ $? != 0 ]] ; then\n    cat << EOM\nerror: The sandbox is not in sync with the Podfile.lock. Run 'pod install' or update your CocoaPods installation.\nEOM\n    exit 1\nfi\n";
			showEnvVarsInLog = 0;
		};
		B2858D2DE811EC54FFEE7D2D /* Embed Pods Frameworks */ = {
			isa = PBXShellScriptBuildPhase;
			buildActionMask = 2147483647;
			files = (
			);
			inputPaths = (
			);
			name = "Embed Pods Frameworks";
			outputPaths = (
			);
			runOnlyForDeploymentPostprocessing = 0;
			shellPath = /bin/sh;
			shellScript = "\"${SRCROOT}/Pods/Target Support Files/Pods/Pods-frameworks.sh\"\n";
			showEnvVarsInLog = 0;
		};
		EFA61D766532790FDBC08A99 /* Check Pods Manifest.lock */ = {
			isa = PBXShellScriptBuildPhase;
			buildActionMask = 2147483647;
			files = (
			);
			inputPaths = (
			);
			name = "Check Pods Manifest.lock";
			outputPaths = (
			);
			runOnlyForDeploymentPostprocessing = 0;
			shellPath = /bin/sh;
			shellScript = "diff \"${PODS_ROOT}/../Podfile.lock\" \"${PODS_ROOT}/Manifest.lock\" > /dev/null\nif [[ $? != 0 ]] ; then\n    cat << EOM\nerror: The sandbox is not in sync with the Podfile.lock. Run 'pod install' or update your CocoaPods installation.\nEOM\n    exit 1\nfi\n";
			showEnvVarsInLog = 0;
		};
/* End PBXShellScriptBuildPhase section */

/* Begin PBXSourcesBuildPhase section */
		CAFCBF6C1BD0279C00C9E28B /* Sources */ = {
			isa = PBXSourcesBuildPhase;
			buildActionMask = 2147483647;
			files = (
				CA6AF1101BD861DB0025FC6C /* User.m in Sources */,
				CA6AF1141BD861DB0025FC6C /* Contact.m in Sources */,
				CA2432D61BD2F9FC0023E234 /* CMRemoteImageView.m in Sources */,
				CA6AF1151BD861DB0025FC6C /* Message+CoreDataProperties.m in Sources */,
				CAA8F2381BD6BF0C009844AC /* IconTabBarController.m in Sources */,
				CA6AF1121BD861DB0025FC6C /* Chats.m in Sources */,
				CACC2FFC1BD165B8006D37F9 /* CMNetworkRequest.m in Sources */,
				CAA8F24F1BD72BEA009844AC /* ContactsTableViewController.m in Sources */,
				CAFCBF7B1BD0279C00C9E28B /* WelcomeViewController.m in Sources */,
				CA6AF1161BD861DB0025FC6C /* Message.m in Sources */,
				CAC3522A1BD1EAA000AEF3D3 /* ChatViewController.m in Sources */,
				CA6AF10F1BD861DB0025FC6C /* User+CoreDataProperties.m in Sources */,
				CAFCBF781BD0279C00C9E28B /* AppDelegate.m in Sources */,
				CACEED801BD55D220086CBCF /* models.xcdatamodeld in Sources */,
				CAA8F2311BD5BE9E009844AC /* HDNotificationView.m in Sources */,
				CA6AF1111BD861DB0025FC6C /* Chats+CoreDataProperties.m in Sources */,
				CAFCBF751BD0279C00C9E28B /* main.m in Sources */,
				CA6AF1131BD861DB0025FC6C /* Contact+CoreDataProperties.m in Sources */,
				CAC352271BD1C1DC00AEF3D3 /* ChatsTableViewController.m in Sources */,
			);
			runOnlyForDeploymentPostprocessing = 0;
		};
		CAFCBF851BD0279C00C9E28B /* Sources */ = {
			isa = PBXSourcesBuildPhase;
			buildActionMask = 2147483647;
			files = (
				CA1D29E21BD1690C00A6D2D5 /* CMNetworkRequestTests.m in Sources */,
				CAFCBF8E1BD0279C00C9E28B /* MarshmallowTests.m in Sources */,
			);
			runOnlyForDeploymentPostprocessing = 0;
		};
		CAFCBF901BD0279C00C9E28B /* Sources */ = {
			isa = PBXSourcesBuildPhase;
			buildActionMask = 2147483647;
			files = (
				CAFCBF991BD0279C00C9E28B /* MarshmallowUITests.m in Sources */,
			);
			runOnlyForDeploymentPostprocessing = 0;
		};
/* End PBXSourcesBuildPhase section */

/* Begin PBXTargetDependency section */
		CAFCBF8B1BD0279C00C9E28B /* PBXTargetDependency */ = {
			isa = PBXTargetDependency;
			target = CAFCBF6F1BD0279C00C9E28B /* Marshmallow */;
			targetProxy = CAFCBF8A1BD0279C00C9E28B /* PBXContainerItemProxy */;
		};
		CAFCBF961BD0279C00C9E28B /* PBXTargetDependency */ = {
			isa = PBXTargetDependency;
			target = CAFCBF6F1BD0279C00C9E28B /* Marshmallow */;
			targetProxy = CAFCBF951BD0279C00C9E28B /* PBXContainerItemProxy */;
		};
/* End PBXTargetDependency section */

/* Begin PBXVariantGroup section */
		CAFCBF7C1BD0279C00C9E28B /* Main.storyboard */ = {
			isa = PBXVariantGroup;
			children = (
				CAFCBF7D1BD0279C00C9E28B /* Base */,
			);
			name = Main.storyboard;
			sourceTree = "<group>";
		};
		CAFCBF811BD0279C00C9E28B /* LaunchScreen.storyboard */ = {
			isa = PBXVariantGroup;
			children = (
				CAFCBF821BD0279C00C9E28B /* Base */,
			);
			name = LaunchScreen.storyboard;
			sourceTree = "<group>";
		};
/* End PBXVariantGroup section */

/* Begin XCBuildConfiguration section */
		CAFCBF9B1BD0279C00C9E28B /* Debug */ = {
			isa = XCBuildConfiguration;
			buildSettings = {
				ALWAYS_SEARCH_USER_PATHS = NO;
				CLANG_CXX_LANGUAGE_STANDARD = "gnu++0x";
				CLANG_CXX_LIBRARY = "libc++";
				CLANG_ENABLE_MODULES = YES;
				CLANG_ENABLE_OBJC_ARC = YES;
				CLANG_WARN_BOOL_CONVERSION = YES;
				CLANG_WARN_CONSTANT_CONVERSION = YES;
				CLANG_WARN_DIRECT_OBJC_ISA_USAGE = YES_ERROR;
				CLANG_WARN_EMPTY_BODY = YES;
				CLANG_WARN_ENUM_CONVERSION = YES;
				CLANG_WARN_INT_CONVERSION = YES;
				CLANG_WARN_OBJC_ROOT_CLASS = YES_ERROR;
				CLANG_WARN_UNREACHABLE_CODE = YES;
				CLANG_WARN__DUPLICATE_METHOD_MATCH = YES;
				"CODE_SIGN_IDENTITY[sdk=iphoneos*]" = "iPhone Developer";
				COPY_PHASE_STRIP = NO;
				DEBUG_INFORMATION_FORMAT = dwarf;
				ENABLE_STRICT_OBJC_MSGSEND = YES;
				ENABLE_TESTABILITY = YES;
				GCC_C_LANGUAGE_STANDARD = gnu99;
				GCC_DYNAMIC_NO_PIC = NO;
				GCC_NO_COMMON_BLOCKS = YES;
				GCC_OPTIMIZATION_LEVEL = 0;
				GCC_PREPROCESSOR_DEFINITIONS = (
					"DEBUG=1",
					"$(inherited)",
				);
				GCC_WARN_64_TO_32_BIT_CONVERSION = YES;
				GCC_WARN_ABOUT_RETURN_TYPE = YES_ERROR;
				GCC_WARN_UNDECLARED_SELECTOR = YES;
				GCC_WARN_UNINITIALIZED_AUTOS = YES_AGGRESSIVE;
				GCC_WARN_UNUSED_FUNCTION = YES;
				GCC_WARN_UNUSED_VARIABLE = YES;
				IPHONEOS_DEPLOYMENT_TARGET = 9.0;
				MTL_ENABLE_DEBUG_INFO = YES;
				ONLY_ACTIVE_ARCH = YES;
				SDKROOT = iphoneos;
			};
			name = Debug;
		};
		CAFCBF9C1BD0279C00C9E28B /* Release */ = {
			isa = XCBuildConfiguration;
			buildSettings = {
				ALWAYS_SEARCH_USER_PATHS = NO;
				CLANG_CXX_LANGUAGE_STANDARD = "gnu++0x";
				CLANG_CXX_LIBRARY = "libc++";
				CLANG_ENABLE_MODULES = YES;
				CLANG_ENABLE_OBJC_ARC = YES;
				CLANG_WARN_BOOL_CONVERSION = YES;
				CLANG_WARN_CONSTANT_CONVERSION = YES;
				CLANG_WARN_DIRECT_OBJC_ISA_USAGE = YES_ERROR;
				CLANG_WARN_EMPTY_BODY = YES;
				CLANG_WARN_ENUM_CONVERSION = YES;
				CLANG_WARN_INT_CONVERSION = YES;
				CLANG_WARN_OBJC_ROOT_CLASS = YES_ERROR;
				CLANG_WARN_UNREACHABLE_CODE = YES;
				CLANG_WARN__DUPLICATE_METHOD_MATCH = YES;
				"CODE_SIGN_IDENTITY[sdk=iphoneos*]" = "iPhone Developer";
				COPY_PHASE_STRIP = NO;
				DEBUG_INFORMATION_FORMAT = "dwarf-with-dsym";
				ENABLE_NS_ASSERTIONS = NO;
				ENABLE_STRICT_OBJC_MSGSEND = YES;
				GCC_C_LANGUAGE_STANDARD = gnu99;
				GCC_NO_COMMON_BLOCKS = YES;
				GCC_WARN_64_TO_32_BIT_CONVERSION = YES;
				GCC_WARN_ABOUT_RETURN_TYPE = YES_ERROR;
				GCC_WARN_UNDECLARED_SELECTOR = YES;
				GCC_WARN_UNINITIALIZED_AUTOS = YES_AGGRESSIVE;
				GCC_WARN_UNUSED_FUNCTION = YES;
				GCC_WARN_UNUSED_VARIABLE = YES;
				IPHONEOS_DEPLOYMENT_TARGET = 9.0;
				MTL_ENABLE_DEBUG_INFO = NO;
				SDKROOT = iphoneos;
				VALIDATE_PRODUCT = YES;
			};
			name = Release;
		};
		CAFCBF9E1BD0279C00C9E28B /* Debug */ = {
			isa = XCBuildConfiguration;
			baseConfigurationReference = 90F487F126BFF4BF85174A4D /* Pods.debug.xcconfig */;
			buildSettings = {
				ASSETCATALOG_COMPILER_APPICON_NAME = AppIcon;
				HEADER_SEARCH_PATHS = (
					"$(inherited)",
					"\"${PODS_ROOT}/Headers/Public\"",
					"\"${PODS_ROOT}/Headers/Public/Bolts\"",
					"\"${PODS_ROOT}/Headers/Public/FBSDKCoreKit\"",
					"\"${PODS_ROOT}/Headers/Public/FBSDKLoginKit/FBSDKLoginKit\"",
					"\"$(PODS_ROOT)/Headers/PublicAFNetworking\"",
				);
				INFOPLIST_FILE = Marshmallow/Info.plist;
				LD_RUNPATH_SEARCH_PATHS = "$(inherited) @executable_path/Frameworks";
				PRODUCT_BUNDLE_IDENTIFIER = org.cantilevered.marshmallow.Marshmallow;
				PRODUCT_NAME = "$(TARGET_NAME)";
				STRIP_STYLE = "non-global";
			};
			name = Debug;
		};
		CAFCBF9F1BD0279C00C9E28B /* Release */ = {
			isa = XCBuildConfiguration;
			baseConfigurationReference = 0F55AAEA840E95876E77E0F5 /* Pods.release.xcconfig */;
			buildSettings = {
				ASSETCATALOG_COMPILER_APPICON_NAME = AppIcon;
				HEADER_SEARCH_PATHS = (
					"$(inherited)",
					"\"${PODS_ROOT}/Headers/Public\"",
					"\"${PODS_ROOT}/Headers/Public/Bolts\"",
					"\"${PODS_ROOT}/Headers/Public/FBSDKCoreKit\"",
					"\"${PODS_ROOT}/Headers/Public/FBSDKLoginKit/FBSDKLoginKit\"",
					"\"$(PODS_ROOT)/Headers/PublicAFNetworking\"",
				);
				INFOPLIST_FILE = Marshmallow/Info.plist;
				LD_RUNPATH_SEARCH_PATHS = "$(inherited) @executable_path/Frameworks";
				PRODUCT_BUNDLE_IDENTIFIER = org.cantilevered.marshmallow.Marshmallow;
				PRODUCT_NAME = "$(TARGET_NAME)";
				STRIP_STYLE = "non-global";
			};
			name = Release;
		};
		CAFCBFA11BD0279C00C9E28B /* Debug */ = {
			isa = XCBuildConfiguration;
			baseConfigurationReference = 90F487F126BFF4BF85174A4D /* Pods.debug.xcconfig */;
			buildSettings = {
				BUNDLE_LOADER = "$(TEST_HOST)";
				INFOPLIST_FILE = MarshmallowTests/Info.plist;
				LD_RUNPATH_SEARCH_PATHS = "$(inherited) @executable_path/Frameworks @loader_path/Frameworks";
				PRODUCT_BUNDLE_IDENTIFIER = org.cantilevered.marshmallow.MarshmallowTests;
				PRODUCT_NAME = "$(TARGET_NAME)";
				TEST_HOST = "$(BUILT_PRODUCTS_DIR)/Marshmallow.app/Marshmallow";
			};
			name = Debug;
		};
		CAFCBFA21BD0279C00C9E28B /* Release */ = {
			isa = XCBuildConfiguration;
			baseConfigurationReference = 0F55AAEA840E95876E77E0F5 /* Pods.release.xcconfig */;
			buildSettings = {
				BUNDLE_LOADER = "$(TEST_HOST)";
				INFOPLIST_FILE = MarshmallowTests/Info.plist;
				LD_RUNPATH_SEARCH_PATHS = "$(inherited) @executable_path/Frameworks @loader_path/Frameworks";
				PRODUCT_BUNDLE_IDENTIFIER = org.cantilevered.marshmallow.MarshmallowTests;
				PRODUCT_NAME = "$(TARGET_NAME)";
				TEST_HOST = "$(BUILT_PRODUCTS_DIR)/Marshmallow.app/Marshmallow";
			};
			name = Release;
		};
		CAFCBFA41BD0279C00C9E28B /* Debug */ = {
			isa = XCBuildConfiguration;
			baseConfigurationReference = 90F487F126BFF4BF85174A4D /* Pods.debug.xcconfig */;
			buildSettings = {
				INFOPLIST_FILE = MarshmallowUITests/Info.plist;
				LD_RUNPATH_SEARCH_PATHS = "$(inherited) @executable_path/Frameworks @loader_path/Frameworks";
				PRODUCT_BUNDLE_IDENTIFIER = org.cantilevered.marshmallow.MarshmallowUITests;
				PRODUCT_NAME = "$(TARGET_NAME)";
				TEST_TARGET_NAME = Marshmallow;
				USES_XCTRUNNER = YES;
			};
			name = Debug;
		};
		CAFCBFA51BD0279C00C9E28B /* Release */ = {
			isa = XCBuildConfiguration;
			baseConfigurationReference = 0F55AAEA840E95876E77E0F5 /* Pods.release.xcconfig */;
			buildSettings = {
				INFOPLIST_FILE = MarshmallowUITests/Info.plist;
				LD_RUNPATH_SEARCH_PATHS = "$(inherited) @executable_path/Frameworks @loader_path/Frameworks";
				PRODUCT_BUNDLE_IDENTIFIER = org.cantilevered.marshmallow.MarshmallowUITests;
				PRODUCT_NAME = "$(TARGET_NAME)";
				TEST_TARGET_NAME = Marshmallow;
				USES_XCTRUNNER = YES;
			};
			name = Release;
		};
/* End XCBuildConfiguration section */

/* Begin XCConfigurationList section */
		CAFCBF6B1BD0279C00C9E28B /* Build configuration list for PBXProject "Marshmallow" */ = {
			isa = XCConfigurationList;
			buildConfigurations = (
				CAFCBF9B1BD0279C00C9E28B /* Debug */,
				CAFCBF9C1BD0279C00C9E28B /* Release */,
			);
			defaultConfigurationIsVisible = 0;
			defaultConfigurationName = Release;
		};
		CAFCBF9D1BD0279C00C9E28B /* Build configuration list for PBXNativeTarget "Marshmallow" */ = {
			isa = XCConfigurationList;
			buildConfigurations = (
				CAFCBF9E1BD0279C00C9E28B /* Debug */,
				CAFCBF9F1BD0279C00C9E28B /* Release */,
			);
			defaultConfigurationIsVisible = 0;
			defaultConfigurationName = Release;
		};
		CAFCBFA01BD0279C00C9E28B /* Build configuration list for PBXNativeTarget "MarshmallowTests" */ = {
			isa = XCConfigurationList;
			buildConfigurations = (
				CAFCBFA11BD0279C00C9E28B /* Debug */,
				CAFCBFA21BD0279C00C9E28B /* Release */,
			);
			defaultConfigurationIsVisible = 0;
			defaultConfigurationName = Release;
		};
		CAFCBFA31BD0279C00C9E28B /* Build configuration list for PBXNativeTarget "MarshmallowUITests" */ = {
			isa = XCConfigurationList;
			buildConfigurations = (
				CAFCBFA41BD0279C00C9E28B /* Debug */,
				CAFCBFA51BD0279C00C9E28B /* Release */,
			);
			defaultConfigurationIsVisible = 0;
			defaultConfigurationName = Release;
		};
/* End XCConfigurationList section */

/* Begin XCVersionGroup section */
		CACEED7E1BD55D220086CBCF /* models.xcdatamodeld */ = {
			isa = XCVersionGroup;
			children = (
				CACEED7F1BD55D220086CBCF /* models.xcdatamodel */,
			);
			currentVersion = CACEED7F1BD55D220086CBCF /* models.xcdatamodel */;
			path = models.xcdatamodeld;
			sourceTree = "<group>";
			versionGroupType = wrapper.xcdatamodel;
		};
/* End XCVersionGroup section */
	};
	rootObject = CAFCBF681BD0279C00C9E28B /* Project object */;
}
